
Microsoft Visual Studio Solution File, Format Version 12.00
# Visual Studio 2012
Project("{FAE04EC0-301F-11D3-BF4B-00C04F79EFBC}") = "SP2013AppsDemo", "SP2013AppsDemo\SP2013AppsDemo.csproj", "{69400E3C-A817-43A4-A531-5A393CB7CC30}"
EndProject
Global
	GlobalSection(SolutionConfigurationPlatforms) = preSolution
		Debug|Any CPU = Debug|Any CPU
		Release|Any CPU = Release|Any CPU
	EndGlobalSection
	GlobalSection(ProjectConfigurationPlatforms) = postSolution
		{69400E3C-A817-43A4-A531-5A393CB7CC30}.Debug|Any CPU.ActiveCfg = Debug|Any CPU
		{69400E3C-A817-43A4-A531-5A393CB7CC30}.Debug|Any CPU.Build.0 = Debug|Any CPU
		{69400E3C-A817-43A4-A531-5A393CB7CC30}.Debug|Any CPU.Deploy.0 = Debug|Any CPU
		{69400E3C-A817-43A4-A531-5A393CB7CC30}.Release|Any CPU.ActiveCfg = Release|Any CPU
		{69400E3C-A817-43A4-A531-5A393CB7CC30}.Release|Any CPU.Build.0 = Release|Any CPU
		{69400E3C-A817-43A4-A531-5A393CB7CC30}.Release|Any CPU.Deploy.0 = Release|Any CPU
	EndGlobalSection
	GlobalSection(SolutionProperties) = preSolution
		HideSolutionNode = FALSE
	EndGlobalSection
EndGlobal
